
Microsoft Visual Studio Solution File, Format Version 10.00
# Visual Studio 2008
Project("{FAE04EC0-301F-11D3-BF4B-00C04F79EFBC}") = "Laan.Library", "Include\Laan.Library.csproj", "{D9915423-744A-4A9A-A97D-58BF2B29ABE1}"
EndProject
Project("{FAE04EC0-301F-11D3-BF4B-00C04F79EFBC}") = "Laan.GameLibrary", "gametalk\Laan.GameLibrary.csproj", "{054B3D6E-E677-4D2D-AEB2-CDE300B124E1}"
EndProject
Project("{FAE04EC0-301F-11D3-BF4B-00C04F79EFBC}") = "RiskServer", "Test\Server\RiskServer.csproj", "{D813A993-5F7E-49A8-91FE-3CEA3E313C82}"
EndProject
Project("{FAE04EC0-301F-11D3-BF4B-00C04F79EFBC}") = "RiskClient", "Test\Client\RiskClient.csproj", "{0E1D0670-8559-488C-A3F5-363F43EFA84F}"
EndProject
Project("{FAE04EC0-301F-11D3-BF4B-00C04F79EFBC}") = "Riskier", "CodeGen\Riskier.csproj", "{45BE5C59-6D16-4190-A3DC-B83394CF2FBA}"
EndProject
Global
	GlobalSection(SolutionConfigurationPlatforms) = preSolution
		Debug|Any CPU = Debug|Any CPU
		Release|Any CPU = Release|Any CPU
	EndGlobalSection
	GlobalSection(ProjectConfigurationPlatforms) = postSolution
		{D9915423-744A-4A9A-A97D-58BF2B29ABE1}.Debug|Any CPU.ActiveCfg = Debug|Any CPU
		{D9915423-744A-4A9A-A97D-58BF2B29ABE1}.Debug|Any CPU.Build.0 = Debug|Any CPU
		{D9915423-744A-4A9A-A97D-58BF2B29ABE1}.Release|Any CPU.ActiveCfg = Release|Any CPU
		{D9915423-744A-4A9A-A97D-58BF2B29ABE1}.Release|Any CPU.Build.0 = Release|Any CPU
		{054B3D6E-E677-4D2D-AEB2-CDE300B124E1}.Debug|Any CPU.ActiveCfg = Debug|Any CPU
		{054B3D6E-E677-4D2D-AEB2-CDE300B124E1}.Debug|Any CPU.Build.0 = Debug|Any CPU
		{054B3D6E-E677-4D2D-AEB2-CDE300B124E1}.Release|Any CPU.ActiveCfg = Release|Any CPU
		{054B3D6E-E677-4D2D-AEB2-CDE300B124E1}.Release|Any CPU.Build.0 = Release|Any CPU
		{D813A993-5F7E-49A8-91FE-3CEA3E313C82}.Debug|Any CPU.ActiveCfg = Debug|Any CPU
		{D813A993-5F7E-49A8-91FE-3CEA3E313C82}.Debug|Any CPU.Build.0 = Debug|Any CPU
		{D813A993-5F7E-49A8-91FE-3CEA3E313C82}.Release|Any CPU.ActiveCfg = Release|Any CPU
		{D813A993-5F7E-49A8-91FE-3CEA3E313C82}.Release|Any CPU.Build.0 = Release|Any CPU
		{0E1D0670-8559-488C-A3F5-363F43EFA84F}.Debug|Any CPU.ActiveCfg = Debug|Any CPU
		{0E1D0670-8559-488C-A3F5-363F43EFA84F}.Debug|Any CPU.Build.0 = Debug|Any CPU
		{0E1D0670-8559-488C-A3F5-363F43EFA84F}.Release|Any CPU.ActiveCfg = Release|Any CPU
		{0E1D0670-8559-488C-A3F5-363F43EFA84F}.Release|Any CPU.Build.0 = Release|Any CPU
		{45BE5C59-6D16-4190-A3DC-B83394CF2FBA}.Debug|Any CPU.ActiveCfg = Debug|Any CPU
		{45BE5C59-6D16-4190-A3DC-B83394CF2FBA}.Debug|Any CPU.Build.0 = Debug|Any CPU
		{45BE5C59-6D16-4190-A3DC-B83394CF2FBA}.Release|Any CPU.ActiveCfg = Release|Any CPU
		{45BE5C59-6D16-4190-A3DC-B83394CF2FBA}.Release|Any CPU.Build.0 = Release|Any CPU
	EndGlobalSection
	GlobalSection(SolutionProperties) = preSolution
		HideSolutionNode = FALSE
	EndGlobalSection
EndGlobal
