
Microsoft Visual Studio Solution File, Format Version 10.00
# Visual Studio Codename Orcas
Project("{FAE04EC0-301F-11D3-BF4B-00C04F79EFBC}") = "RiskClient", "RiskClient.csproj", "{AAB4DBC9-E8EA-46E0-B3C8-A81E6C297CCD}"
EndProject
Project("{2150E333-8FDC-42A3-9474-1A3956D46DE8}") = "Solution Items", "Solution Items", "{B3B75A98-8D1C-4C90-AFAF-D46DB38D3EB5}"
EndProject
Project("{FAE04EC0-301F-11D3-BF4B-00C04F79EFBC}") = "LineDemo", "..\..\..\XNA\LinesDemo_1_0\LinesDemo\LineDemo\LineDemo.csproj", "{A053D667-6C7D-49FE-A430-EF2F78137BD5}"
EndProject
Global
	GlobalSection(SolutionConfigurationPlatforms) = preSolution
		Debug|Any CPU = Debug|Any CPU
		Debug|Mixed Platforms = Debug|Mixed Platforms
		Debug|x86 = Debug|x86
		Release|Any CPU = Release|Any CPU
		Release|Mixed Platforms = Release|Mixed Platforms
		Release|x86 = Release|x86
	EndGlobalSection
	GlobalSection(ProjectConfigurationPlatforms) = postSolution
		{AAB4DBC9-E8EA-46E0-B3C8-A81E6C297CCD}.Debug|Any CPU.ActiveCfg = Debug|Any CPU
		{AAB4DBC9-E8EA-46E0-B3C8-A81E6C297CCD}.Debug|Any CPU.Build.0 = Debug|Any CPU
		{AAB4DBC9-E8EA-46E0-B3C8-A81E6C297CCD}.Debug|Mixed Platforms.ActiveCfg = Debug|Any CPU
		{AAB4DBC9-E8EA-46E0-B3C8-A81E6C297CCD}.Debug|Mixed Platforms.Build.0 = Debug|Any CPU
		{AAB4DBC9-E8EA-46E0-B3C8-A81E6C297CCD}.Debug|x86.ActiveCfg = Debug|Any CPU
		{AAB4DBC9-E8EA-46E0-B3C8-A81E6C297CCD}.Release|Any CPU.ActiveCfg = Release|Any CPU
		{AAB4DBC9-E8EA-46E0-B3C8-A81E6C297CCD}.Release|Any CPU.Build.0 = Release|Any CPU
		{AAB4DBC9-E8EA-46E0-B3C8-A81E6C297CCD}.Release|Mixed Platforms.ActiveCfg = Release|Any CPU
		{AAB4DBC9-E8EA-46E0-B3C8-A81E6C297CCD}.Release|Mixed Platforms.Build.0 = Release|Any CPU
		{AAB4DBC9-E8EA-46E0-B3C8-A81E6C297CCD}.Release|x86.ActiveCfg = Release|Any CPU
		{A053D667-6C7D-49FE-A430-EF2F78137BD5}.Debug|Any CPU.ActiveCfg = Debug|Any CPU
		{A053D667-6C7D-49FE-A430-EF2F78137BD5}.Debug|Any CPU.Build.0 = Debug|Any CPU
		{A053D667-6C7D-49FE-A430-EF2F78137BD5}.Debug|Mixed Platforms.ActiveCfg = Debug|Any CPU
		{A053D667-6C7D-49FE-A430-EF2F78137BD5}.Debug|Mixed Platforms.Build.0 = Debug|Any CPU
		{A053D667-6C7D-49FE-A430-EF2F78137BD5}.Debug|x86.ActiveCfg = Debug|Any CPU
		{A053D667-6C7D-49FE-A430-EF2F78137BD5}.Release|Any CPU.ActiveCfg = Release|Any CPU
		{A053D667-6C7D-49FE-A430-EF2F78137BD5}.Release|Any CPU.Build.0 = Release|Any CPU
		{A053D667-6C7D-49FE-A430-EF2F78137BD5}.Release|Mixed Platforms.ActiveCfg = Release|Any CPU
		{A053D667-6C7D-49FE-A430-EF2F78137BD5}.Release|Mixed Platforms.Build.0 = Release|Any CPU
		{A053D667-6C7D-49FE-A430-EF2F78137BD5}.Release|x86.ActiveCfg = Release|Any CPU
	EndGlobalSection
	GlobalSection(SolutionProperties) = preSolution
		HideSolutionNode = FALSE
	EndGlobalSection
EndGlobal
